
Microsoft Visual Studio Solution File, Format Version 12.00
# Visual Studio Version 17
VisualStudioVersion = 17.0.32112.339
MinimumVisualStudioVersion = 10.0.40219.1
Project("{FAE04EC0-301F-11D3-BF4B-00C04F79EFBC}") = "Gambler", "Gambler\Gambler.csproj", "{990E98E1-FA06-43C2-8217-66D40C7768B3}"
EndProject
Global
	GlobalSection(SolutionConfigurationPlatforms) = preSolution
		Debug|Any CPU = Debug|Any CPU
		Release|Any CPU = Release|Any CPU
	EndGlobalSection
	GlobalSection(ProjectConfigurationPlatforms) = postSolution
		{990E98E1-FA06-43C2-8217-66D40C7768B3}.Debug|Any CPU.ActiveCfg = Debug|Any CPU
		{990E98E1-FA06-43C2-8217-66D40C7768B3}.Debug|Any CPU.Build.0 = Debug|Any CPU
		{990E98E1-FA06-43C2-8217-66D40C7768B3}.Release|Any CPU.ActiveCfg = Release|Any CPU
		{990E98E1-FA06-43C2-8217-66D40C7768B3}.Release|Any CPU.Build.0 = Release|Any CPU
	EndGlobalSection
	GlobalSection(SolutionProperties) = preSolution
		HideSolutionNode = FALSE
	EndGlobalSection
	GlobalSection(ExtensibilityGlobals) = postSolution
		SolutionGuid = {F63A3595-F474-4178-9F23-B282343BF537}
	EndGlobalSection
EndGlobal
